
Microsoft Visual Studio Solution File, Format Version 12.00
# Visual Studio 15
VisualStudioVersion = 15.0.28307.757
MinimumVisualStudioVersion = 10.0.40219.1
Project("{FAE04EC0-301F-11D3-BF4B-00C04F79EFBC}") = "TDD.Operation", "TDD.Operation\TDD.Operation.csproj", "{E8EAD009-AD39-4A58-8DB2-1F15A4FD9619}"
EndProject
Project("{FAE04EC0-301F-11D3-BF4B-00C04F79EFBC}") = "TDD.UnitTest", "TDD.UnitTest\TDD.UnitTest.csproj", "{6E132589-33F8-4ABF-8612-DBF2734B7373}"
EndProject
Global
	GlobalSection(SolutionConfigurationPlatforms) = preSolution
		Debug|Any CPU = Debug|Any CPU
		Release|Any CPU = Release|Any CPU
	EndGlobalSection
	GlobalSection(ProjectConfigurationPlatforms) = postSolution
		{E8EAD009-AD39-4A58-8DB2-1F15A4FD9619}.Debug|Any CPU.ActiveCfg = Debug|Any CPU
		{E8EAD009-AD39-4A58-8DB2-1F15A4FD9619}.Debug|Any CPU.Build.0 = Debug|Any CPU
		{E8EAD009-AD39-4A58-8DB2-1F15A4FD9619}.Release|Any CPU.ActiveCfg = Release|Any CPU
		{E8EAD009-AD39-4A58-8DB2-1F15A4FD9619}.Release|Any CPU.Build.0 = Release|Any CPU
		{6E132589-33F8-4ABF-8612-DBF2734B7373}.Debug|Any CPU.ActiveCfg = Debug|Any CPU
		{6E132589-33F8-4ABF-8612-DBF2734B7373}.Debug|Any CPU.Build.0 = Debug|Any CPU
		{6E132589-33F8-4ABF-8612-DBF2734B7373}.Release|Any CPU.ActiveCfg = Release|Any CPU
		{6E132589-33F8-4ABF-8612-DBF2734B7373}.Release|Any CPU.Build.0 = Release|Any CPU
	EndGlobalSection
	GlobalSection(SolutionProperties) = preSolution
		HideSolutionNode = FALSE
	EndGlobalSection
	GlobalSection(ExtensibilityGlobals) = postSolution
		SolutionGuid = {F99B8190-0B87-4D7F-B705-988A1084200E}
	EndGlobalSection
EndGlobal
